
Microsoft Visual Studio Solution File, Format Version 12.00
# Visual Studio Version 16
VisualStudioVersion = 25.0.1706.7
MinimumVisualStudioVersion = 10.0.40219.1
Project("{FAE04EC0-301F-11D3-BF4B-00C04F79EFBC}") = "Mimu", "Mimu\Mimu.csproj", "{898C8F24-1AB3-40C0-8034-5E53143C0C68}"
EndProject
Global
	GlobalSection(SolutionConfigurationPlatforms) = preSolution
		Debug|Any CPU = Debug|Any CPU
		Release|Any CPU = Release|Any CPU
	EndGlobalSection
	GlobalSection(ProjectConfigurationPlatforms) = postSolution
		{898C8F24-1AB3-40C0-8034-5E53143C0C68}.Debug|Any CPU.ActiveCfg = Debug|Any CPU
		{898C8F24-1AB3-40C0-8034-5E53143C0C68}.Debug|Any CPU.Build.0 = Debug|Any CPU
		{898C8F24-1AB3-40C0-8034-5E53143C0C68}.Release|Any CPU.ActiveCfg = Release|Any CPU
		{898C8F24-1AB3-40C0-8034-5E53143C0C68}.Release|Any CPU.Build.0 = Release|Any CPU
	EndGlobalSection
	GlobalSection(SolutionProperties) = preSolution
		HideSolutionNode = FALSE
	EndGlobalSection
	GlobalSection(ExtensibilityGlobals) = postSolution
		SolutionGuid = {A5A3E357-0EA2-4402-96DB-7D82B44C33AC}
	EndGlobalSection
EndGlobal
